
Microsoft Visual Studio Solution File, Format Version 12.00
# Visual Studio 15
VisualStudioVersion = 15.0.27703.2047
MinimumVisualStudioVersion = 10.0.40219.1
Project("{FAE04EC0-301F-11D3-BF4B-00C04F79EFBC}") = "PeopleDatabase", "PeopleDatabase\PeopleDatabase.csproj", "{153018D4-02A7-438D-8638-06F08E36BE80}"
EndProject
Global
	GlobalSection(SolutionConfigurationPlatforms) = preSolution
		Debug|Any CPU = Debug|Any CPU
		Release|Any CPU = Release|Any CPU
	EndGlobalSection
	GlobalSection(ProjectConfigurationPlatforms) = postSolution
		{153018D4-02A7-438D-8638-06F08E36BE80}.Debug|Any CPU.ActiveCfg = Debug|Any CPU
		{153018D4-02A7-438D-8638-06F08E36BE80}.Debug|Any CPU.Build.0 = Debug|Any CPU
		{153018D4-02A7-438D-8638-06F08E36BE80}.Release|Any CPU.ActiveCfg = Release|Any CPU
		{153018D4-02A7-438D-8638-06F08E36BE80}.Release|Any CPU.Build.0 = Release|Any CPU
	EndGlobalSection
	GlobalSection(SolutionProperties) = preSolution
		HideSolutionNode = FALSE
	EndGlobalSection
	GlobalSection(ExtensibilityGlobals) = postSolution
		SolutionGuid = {D1B23E98-F631-4AB0-893E-B87021FFCF1C}
	EndGlobalSection
EndGlobal
